
Microsoft Visual Studio Solution File, Format Version 12.00
# Visual Studio Version 16
VisualStudioVersion = 16.0.30225.117
MinimumVisualStudioVersion = 10.0.40219.1
Project("{9A19103F-16F7-4668-BE54-9A1E7A4F7556}") = "Focusmark.SDK", "src\Focusmark.SDK.Account\Focusmark.SDK.csproj", "{C61EBC99-E802-4D58-B516-B761C9F93683}"
EndProject
Project("{FAE04EC0-301F-11D3-BF4B-00C04F79EFBC}") = "FocusMark.SDK.Desktop", "src\FocusMark.SDK.Desktop\FocusMark.SDK.Desktop.csproj", "{AA78E2C6-775F-4D19-9A66-C0B81070B78F}"
EndProject
Global
	GlobalSection(SolutionConfigurationPlatforms) = preSolution
		Debug|Any CPU = Debug|Any CPU
		Release|Any CPU = Release|Any CPU
	EndGlobalSection
	GlobalSection(ProjectConfigurationPlatforms) = postSolution
		{C61EBC99-E802-4D58-B516-B761C9F93683}.Debug|Any CPU.ActiveCfg = Debug|Any CPU
		{C61EBC99-E802-4D58-B516-B761C9F93683}.Debug|Any CPU.Build.0 = Debug|Any CPU
		{C61EBC99-E802-4D58-B516-B761C9F93683}.Release|Any CPU.ActiveCfg = Release|Any CPU
		{C61EBC99-E802-4D58-B516-B761C9F93683}.Release|Any CPU.Build.0 = Release|Any CPU
		{AA78E2C6-775F-4D19-9A66-C0B81070B78F}.Debug|Any CPU.ActiveCfg = Debug|Any CPU
		{AA78E2C6-775F-4D19-9A66-C0B81070B78F}.Debug|Any CPU.Build.0 = Debug|Any CPU
		{AA78E2C6-775F-4D19-9A66-C0B81070B78F}.Release|Any CPU.ActiveCfg = Release|Any CPU
		{AA78E2C6-775F-4D19-9A66-C0B81070B78F}.Release|Any CPU.Build.0 = Release|Any CPU
	EndGlobalSection
	GlobalSection(SolutionProperties) = preSolution
		HideSolutionNode = FALSE
	EndGlobalSection
	GlobalSection(ExtensibilityGlobals) = postSolution
		SolutionGuid = {4BDEC13C-7EFA-4F8E-A4C8-2C9DADE341EF}
	EndGlobalSection
EndGlobal
